// !$*UTF8*$!
{
	archiveVersion = 1;
	classes = {
	};
	objectVersion = 46;
	objects = {

/* Begin PBXBuildFile section */
		3D09AE6F15E30E4D00053CC3 /* UIKit.framework in Frameworks */ = {isa = PBXBuildFile; fileRef = 3D09AE6E15E30E4D00053CC3 /* UIKit.framework */; };
		3D09AE7115E30E4D00053CC3 /* Foundation.framework in Frameworks */ = {isa = PBXBuildFile; fileRef = 3D09AE7015E30E4D00053CC3 /* Foundation.framework */; };
		3D09AE7315E30E4D00053CC3 /* CoreGraphics.framework in Frameworks */ = {isa = PBXBuildFile; fileRef = 3D09AE7215E30E4D00053CC3 /* CoreGraphics.framework */; };
		3D09AE7915E30E4D00053CC3 /* InfoPlist.strings in Resources */ = {isa = PBXBuildFile; fileRef = 3D09AE7715E30E4D00053CC3 /* InfoPlist.strings */; };
		3D09AE7B15E30E4D00053CC3 /* main.m in Sources */ = {isa = PBXBuildFile; fileRef = 3D09AE7A15E30E4D00053CC3 /* main.m */; };
		3D09AE7F15E30E4D00053CC3 /* SimpleTableAppDelegate.m in Sources */ = {isa = PBXBuildFile; fileRef = 3D09AE7E15E30E4D00053CC3 /* SimpleTableAppDelegate.m */; };
		3D09AEBD15E332CD00053CC3 /* SimpleTableViewController.m in Sources */ = {isa = PBXBuildFile; fileRef = 3D09AEBC15E332CD00053CC3 /* SimpleTableViewController.m */; };
		3D09AEC015E3380400053CC3 /* star_1.png in Resources */ = {isa = PBXBuildFile; fileRef = 3D09AEBE15E3380400053CC3 /* star_1.png */; };
		3D09AEC115E3380400053CC3 /* star_2.png in Resources */ = {isa = PBXBuildFile; fileRef = 3D09AEBF15E3380400053CC3 /* star_2.png */; };
/* End PBXBuildFile section */

/* Begin PBXFileReference section */
		3D09AE6A15E30E4D00053CC3 /* SimpleTable.app */ = {isa = PBXFileReference; explicitFileType = wrapper.application; includeInIndex = 0; path = SimpleTable.app; sourceTree = BUILT_PRODUCTS_DIR; };
		3D09AE6E15E30E4D00053CC3 /* UIKit.framework */ = {isa = PBXFileReference; lastKnownFileType = wrapper.framework; name = UIKit.framework; path = System/Library/Frameworks/UIKit.framework; sourceTree = SDKROOT; };
		3D09AE7015E30E4D00053CC3 /* Foundation.framework */ = {isa = PBXFileReference; lastKnownFileType = wrapper.framework; name = Foundation.framework; path = System/Library/Frameworks/Foundation.framework; sourceTree = SDKROOT; };
		3D09AE7215E30E4D00053CC3 /* CoreGraphics.framework */ = {isa = PBXFileReference; lastKnownFileType = wrapper.framework; name = CoreGraphics.framework; path = System/Library/Frameworks/CoreGraphics.framework; sourceTree = SDKROOT; };
		3D09AE7615E30E4D00053CC3 /* SimpleTable-Info.plist */ = {isa = PBXFileReference; lastKnownFileType = text.plist.xml; path = "SimpleTable-Info.plist"; sourceTree = "<group>"; };
		3D09AE7815E30E4D00053CC3 /* en */ = {isa = PBXFileReference; lastKnownFileType = text.plist.strings; name = en; path = en.lproj/InfoPlist.strings; sourceTree = "<group>"; };
		3D09AE7A15E30E4D00053CC3 /* main.m */ = {isa = PBXFileReference; lastKnownFileType = sourcecode.c.objc; path = main.m; sourceTree = "<group>"; };
		3D09AE7C15E30E4D00053CC3 /* SimpleTable-Prefix.pch */ = {isa = PBXFileReference; lastKnownFileType = sourcecode.c.h; path = "SimpleTable-Prefix.pch"; sourceTree = "<group>"; };
		3D09AE7D15E30E4D00053CC3 /* SimpleTableAppDelegate.h */ = {isa = PBXFileReference; lastKnownFileType = sourcecode.c.h; path = SimpleTableAppDelegate.h; sourceTree = "<group>"; };
		3D09AE7E15E30E4D00053CC3 /* SimpleTableAppDelegate.m */ = {isa = PBXFileReference; lastKnownFileType = sourcecode.c.objc; path = SimpleTableAppDelegate.m; sourceTree = "<group>"; };
		3D09AEBB15E332CC00053CC3 /* SimpleTableViewController.h */ = {isa = PBXFileReference; fileEncoding = 4; lastKnownFileType = sourcecode.c.h; path = SimpleTableViewController.h; sourceTree = "<group>"; };
		3D09AEBC15E332CD00053CC3 /* SimpleTableViewController.m */ = {isa = PBXFileReference; fileEncoding = 4; lastKnownFileType = sourcecode.c.objc; path = SimpleTableViewController.m; sourceTree = "<group>"; };
		3D09AEBE15E3380400053CC3 /* star_1.png */ = {isa = PBXFileReference; lastKnownFileType = image.png; path = star_1.png; sourceTree = "<group>"; };
		3D09AEBF15E3380400053CC3 /* star_2.png */ = {isa = PBXFileReference; lastKnownFileType = image.png; path = star_2.png; sourceTree = "<group>"; };
/* End PBXFileReference section */

/* Begin PBXFrameworksBuildPhase section */
		3D09AE6715E30E4D00053CC3 /* Frameworks */ = {
			isa = PBXFrameworksBuildPhase;
			buildActionMask = 2147483647;
			files = (
				3D09AE6F15E30E4D00053CC3 /* UIKit.framework in Frameworks */,
				3D09AE7115E30E4D00053CC3 /* Foundation.framework in Frameworks */,
				3D09AE7315E30E4D00053CC3 /* CoreGraphics.framework in Frameworks */,
			);
			runOnlyForDeploymentPostprocessing = 0;
		};
/* End PBXFrameworksBuildPhase section */

/* Begin PBXGroup section */
		3D09AE5F15E30E4D00053CC3 = {
			isa = PBXGroup;
			children = (
				3D09AE7415E30E4D00053CC3 /* SimpleTable */,
				3D09AE6D15E30E4D00053CC3 /* Frameworks */,
				3D09AE6B15E30E4D00053CC3 /* Products */,
			);
			sourceTree = "<group>";
		};
		3D09AE6B15E30E4D00053CC3 /* Products */ = {
			isa = PBXGroup;
			children = (
				3D09AE6A15E30E4D00053CC3 /* SimpleTable.app */,
			);
			name = Products;
			sourceTree = "<group>";
		};
		3D09AE6D15E30E4D00053CC3 /* Frameworks */ = {
			isa = PBXGroup;
			children = (
				3D09AE6E15E30E4D00053CC3 /* UIKit.framework */,
				3D09AE7015E30E4D00053CC3 /* Foundation.framework */,
				3D09AE7215E30E4D00053CC3 /* CoreGraphics.framework */,
			);
			name = Frameworks;
			sourceTree = "<group>";
		};
		3D09AE7415E30E4D00053CC3 /* SimpleTable */ = {
			isa = PBXGroup;
			children = (
				3D09AE7D15E30E4D00053CC3 /* SimpleTableAppDelegate.h */,
				3D09AE7E15E30E4D00053CC3 /* SimpleTableAppDelegate.m */,
				3D09AEBB15E332CC00053CC3 /* SimpleTableViewController.h */,
				3D09AEBC15E332CD00053CC3 /* SimpleTableViewController.m */,
				3D09AEBE15E3380400053CC3 /* star_1.png */,
				3D09AEBF15E3380400053CC3 /* star_2.png */,
				3D09AE7515E30E4D00053CC3 /* Supporting Files */,
			);
			path = SimpleTable;
			sourceTree = "<group>";
		};
		3D09AE7515E30E4D00053CC3 /* Supporting Files */ = {
			isa = PBXGroup;
			children = (
				3D09AE7615E30E4D00053CC3 /* SimpleTable-Info.plist */,
				3D09AE7715E30E4D00053CC3 /* InfoPlist.strings */,
				3D09AE7A15E30E4D00053CC3 /* main.m */,
				3D09AE7C15E30E4D00053CC3 /* SimpleTable-Prefix.pch */,
			);
			name = "Supporting Files";
			sourceTree = "<group>";
		};
/* End PBXGroup section */

/* Begin PBXNativeTarget section */
		3D09AE6915E30E4D00053CC3 /* SimpleTable */ = {
			isa = PBXNativeTarget;
			buildConfigurationList = 3D09AE8215E30E4D00053CC3 /* Build configuration list for PBXNativeTarget "SimpleTable" */;
			buildPhases = (
				3D09AE6615E30E4D00053CC3 /* Sources */,
				3D09AE6715E30E4D00053CC3 /* Frameworks */,
				3D09AE6815E30E4D00053CC3 /* Resources */,
			);
			buildRules = (
			);
			dependencies = (
			);
			name = SimpleTable;
			productName = SimpleTable;
			productReference = 3D09AE6A15E30E4D00053CC3 /* SimpleTable.app */;
			productType = "com.apple.product-type.application";
		};
/* End PBXNativeTarget section */

/* Begin PBXProject section */
		3D09AE6115E30E4D00053CC3 /* Project object */ = {
			isa = PBXProject;
			attributes = {
				CLASSPREFIX = SimpleTable;
				LastUpgradeCheck = 0440;
				ORGANIZATIONNAME = goodmao;
			};
			buildConfigurationList = 3D09AE6415E30E4D00053CC3 /* Build configuration list for PBXProject "SimpleTable" */;
			compatibilityVersion = "Xcode 3.2";
			developmentRegion = English;
			hasScannedForEncodings = 0;
			knownRegions = (
				en,
			);
			mainGroup = 3D09AE5F15E30E4D00053CC3;
			productRefGroup = 3D09AE6B15E30E4D00053CC3 /* Products */;
			projectDirPath = "";
			projectRoot = "";
			targets = (
				3D09AE6915E30E4D00053CC3 /* SimpleTable */,
			);
		};
/* End PBXProject section */

/* Begin PBXResourcesBuildPhase section */
		3D09AE6815E30E4D00053CC3 /* Resources */ = {
			isa = PBXResourcesBuildPhase;
			buildActionMask = 2147483647;
			files = (
				3D09AE7915E30E4D00053CC3 /* InfoPlist.strings in Resources */,
				3D09AEC015E3380400053CC3 /* star_1.png in Resources */,
				3D09AEC115E3380400053CC3 /* star_2.png in Resources */,
			);
			runOnlyForDeploymentPostprocessing = 0;
		};
/* End PBXResourcesBuildPhase section */

/* Begin PBXSourcesBuildPhase section */
		3D09AE6615E30E4D00053CC3 /* Sources */ = {
			isa = PBXSourcesBuildPhase;
			buildActionMask = 2147483647;
			files = (
				3D09AE7B15E30E4D00053CC3 /* main.m in Sources */,
				3D09AE7F15E30E4D00053CC3 /* SimpleTableAppDelegate.m in Sources */,
				3D09AEBD15E332CD00053CC3 /* SimpleTableViewController.m in Sources */,
			);
			runOnlyForDeploymentPostprocessing = 0;
		};
/* End PBXSourcesBuildPhase section */

/* Begin PBXVariantGroup section */
		3D09AE7715E30E4D00053CC3 /* InfoPlist.strings */ = {
			isa = PBXVariantGroup;
			children = (
				3D09AE7815E30E4D00053CC3 /* en */,
			);
			name = InfoPlist.strings;
			sourceTree = "<group>";
		};
/* End PBXVariantGroup section */

/* Begin XCBuildConfiguration section */
		3D09AE8015E30E4D00053CC3 /* Debug */ = {
			isa = XCBuildConfiguration;
			buildSettings = {
				ALWAYS_SEARCH_USER_PATHS = NO;
				ARCHS = "$(ARCHS_STANDARD_32_BIT)";
				CLANG_CXX_LANGUAGE_STANDARD = "gnu++0x";
				CLANG_WARN__DUPLICATE_METHOD_MATCH = YES;
				"CODE_SIGN_IDENTITY[sdk=iphoneos*]" = "iPhone Developer";
				COPY_PHASE_STRIP = NO;
				GCC_C_LANGUAGE_STANDARD = gnu99;
				GCC_DYNAMIC_NO_PIC = NO;
				GCC_OPTIMIZATION_LEVEL = 0;
				GCC_PREPROCESSOR_DEFINITIONS = (
					"DEBUG=1",
					"$(inherited)",
				);
				GCC_SYMBOLS_PRIVATE_EXTERN = NO;
				GCC_VERSION = com.apple.compilers.llvm.clang.1_0;
				GCC_WARN_ABOUT_RETURN_TYPE = YES;
				GCC_WARN_UNINITIALIZED_AUTOS = YES;
				GCC_WARN_UNUSED_VARIABLE = YES;
				IPHONEOS_DEPLOYMENT_TARGET = 5.1;
				SDKROOT = iphoneos;
				TARGETED_DEVICE_FAMILY = "1,2";
			};
			name = Debug;
		};
		3D09AE8115E30E4D00053CC3 /* Release */ = {
			isa = XCBuildConfiguration;
			buildSettings = {
				ALWAYS_SEARCH_USER_PATHS = NO;
				ARCHS = "$(ARCHS_STANDARD_32_BIT)";
				CLANG_CXX_LANGUAGE_STANDARD = "gnu++0x";
				CLANG_WARN__DUPLICATE_METHOD_MATCH = YES;
				"CODE_SIGN_IDENTITY[sdk=iphoneos*]" = "iPhone Developer";
				COPY_PHASE_STRIP = YES;
				GCC_C_LANGUAGE_STANDARD = gnu99;
				GCC_VERSION = com.apple.compilers.llvm.clang.1_0;
				GCC_WARN_ABOUT_RETURN_TYPE = YES;
				GCC_WARN_UNINITIALIZED_AUTOS = YES;
				GCC_WARN_UNUSED_VARIABLE = YES;
				IPHONEOS_DEPLOYMENT_TARGET = 5.1;
				OTHER_CFLAGS = "-DNS_BLOCK_ASSERTIONS=1";
				SDKROOT = iphoneos;
				TARGETED_DEVICE_FAMILY = "1,2";
				VALIDATE_PRODUCT = YES;
			};
			name = Release;
		};
		3D09AE8315E30E4D00053CC3 /* Debug */ = {
			isa = XCBuildConfiguration;
			buildSettings = {
				GCC_PRECOMPILE_PREFIX_HEADER = YES;
				GCC_PREFIX_HEADER = "SimpleTable/SimpleTable-Prefix.pch";
				INFOPLIST_FILE = "SimpleTable/SimpleTable-Info.plist";
				PRODUCT_NAME = "$(TARGET_NAME)";
				WRAPPER_EXTENSION = app;
			};
			name = Debug;
		};
		3D09AE8415E30E4D00053CC3 /* Release */ = {
			isa = XCBuildConfiguration;
			buildSettings = {
				GCC_PRECOMPILE_PREFIX_HEADER = YES;
				GCC_PREFIX_HEADER = "SimpleTable/SimpleTable-Prefix.pch";
				INFOPLIST_FILE = "SimpleTable/SimpleTable-Info.plist";
				PRODUCT_NAME = "$(TARGET_NAME)";
				WRAPPER_EXTENSION = app;
			};
			name = Release;
		};
/* End XCBuildConfiguration section */

/* Begin XCConfigurationList section */
		3D09AE6415E30E4D00053CC3 /* Build configuration list for PBXProject "SimpleTable" */ = {
			isa = XCConfigurationList;
			buildConfigurations = (
				3D09AE8015E30E4D00053CC3 /* Debug */,
				3D09AE8115E30E4D00053CC3 /* Release */,
			);
			defaultConfigurationIsVisible = 0;
			defaultConfigurationName = Release;
		};
		3D09AE8215E30E4D00053CC3 /* Build configuration list for PBXNativeTarget "SimpleTable" */ = {
			isa = XCConfigurationList;
			buildConfigurations = (
				3D09AE8315E30E4D00053CC3 /* Debug */,
				3D09AE8415E30E4D00053CC3 /* Release */,
			);
			defaultConfigurationIsVisible = 0;
		};
/* End XCConfigurationList section */
	};
	rootObject = 3D09AE6115E30E4D00053CC3 /* Project object */;
}
