// !$*UTF8*$!
{
	archiveVersion = 1;
	classes = {
	};
	objectVersion = 46;
	objects = {

/* Begin PBXBuildFile section */
		3DB34F7115D89E9500E1A015 /* UIKit.framework in Frameworks */ = {isa = PBXBuildFile; fileRef = 3DB34F7015D89E9500E1A015 /* UIKit.framework */; };
		3DB34F7315D89E9500E1A015 /* Foundation.framework in Frameworks */ = {isa = PBXBuildFile; fileRef = 3DB34F7215D89E9500E1A015 /* Foundation.framework */; };
		3DB34F7515D89E9500E1A015 /* CoreGraphics.framework in Frameworks */ = {isa = PBXBuildFile; fileRef = 3DB34F7415D89E9500E1A015 /* CoreGraphics.framework */; };
		3DB34F7B15D89E9500E1A015 /* InfoPlist.strings in Resources */ = {isa = PBXBuildFile; fileRef = 3DB34F7915D89E9500E1A015 /* InfoPlist.strings */; };
		3DB34F7D15D89E9500E1A015 /* main.m in Sources */ = {isa = PBXBuildFile; fileRef = 3DB34F7C15D89E9500E1A015 /* main.m */; };
		3DB34F8115D89E9500E1A015 /* MyUIControlAppDelegate.m in Sources */ = {isa = PBXBuildFile; fileRef = 3DB34F8015D89E9500E1A015 /* MyUIControlAppDelegate.m */; };
		3DB34F8F15D8A85800E1A015 /* MyViewController.m in Sources */ = {isa = PBXBuildFile; fileRef = 3DB34F8E15D8A85800E1A015 /* MyViewController.m */; };
		3DB34FDC15D8B98700E1A015 /* apple_max.png in Resources */ = {isa = PBXBuildFile; fileRef = 3DB34FD315D8B98700E1A015 /* apple_max.png */; };
		3DB34FDD15D8B98700E1A015 /* apple_min.png in Resources */ = {isa = PBXBuildFile; fileRef = 3DB34FD415D8B98700E1A015 /* apple_min.png */; };
		3DB34FDE15D8B98700E1A015 /* apple_thumb.png in Resources */ = {isa = PBXBuildFile; fileRef = 3DB34FD515D8B98700E1A015 /* apple_thumb.png */; };
		3DB34FDF15D8B98700E1A015 /* checkbox_off.png in Resources */ = {isa = PBXBuildFile; fileRef = 3DB34FD615D8B98700E1A015 /* checkbox_off.png */; };
		3DB34FE015D8B98700E1A015 /* checkbox_on.png in Resources */ = {isa = PBXBuildFile; fileRef = 3DB34FD715D8B98700E1A015 /* checkbox_on.png */; };
		3DB34FE115D8B98700E1A015 /* circular_button.png in Resources */ = {isa = PBXBuildFile; fileRef = 3DB34FD815D8B98700E1A015 /* circular_button.png */; };
		3DB34FE215D8B98700E1A015 /* left_slider.png in Resources */ = {isa = PBXBuildFile; fileRef = 3DB34FD915D8B98700E1A015 /* left_slider.png */; };
		3DB34FE315D8B98700E1A015 /* right_slider.png in Resources */ = {isa = PBXBuildFile; fileRef = 3DB34FDA15D8B98700E1A015 /* right_slider.png */; };
		3DB34FE415D8B98700E1A015 /* sea.png in Resources */ = {isa = PBXBuildFile; fileRef = 3DB34FDB15D8B98700E1A015 /* sea.png */; };
/* End PBXBuildFile section */

/* Begin PBXFileReference section */
		3DB34F6C15D89E9500E1A015 /* UIControl.app */ = {isa = PBXFileReference; explicitFileType = wrapper.application; includeInIndex = 0; path = UIControl.app; sourceTree = BUILT_PRODUCTS_DIR; };
		3DB34F7015D89E9500E1A015 /* UIKit.framework */ = {isa = PBXFileReference; lastKnownFileType = wrapper.framework; name = UIKit.framework; path = System/Library/Frameworks/UIKit.framework; sourceTree = SDKROOT; };
		3DB34F7215D89E9500E1A015 /* Foundation.framework */ = {isa = PBXFileReference; lastKnownFileType = wrapper.framework; name = Foundation.framework; path = System/Library/Frameworks/Foundation.framework; sourceTree = SDKROOT; };
		3DB34F7415D89E9500E1A015 /* CoreGraphics.framework */ = {isa = PBXFileReference; lastKnownFileType = wrapper.framework; name = CoreGraphics.framework; path = System/Library/Frameworks/CoreGraphics.framework; sourceTree = SDKROOT; };
		3DB34F7815D89E9500E1A015 /* UIControl-Info.plist */ = {isa = PBXFileReference; lastKnownFileType = text.plist.xml; path = "UIControl-Info.plist"; sourceTree = "<group>"; };
		3DB34F7A15D89E9500E1A015 /* en */ = {isa = PBXFileReference; lastKnownFileType = text.plist.strings; name = en; path = en.lproj/InfoPlist.strings; sourceTree = "<group>"; };
		3DB34F7C15D89E9500E1A015 /* main.m */ = {isa = PBXFileReference; lastKnownFileType = sourcecode.c.objc; path = main.m; sourceTree = "<group>"; };
		3DB34F7E15D89E9500E1A015 /* UIControl-Prefix.pch */ = {isa = PBXFileReference; lastKnownFileType = sourcecode.c.h; path = "UIControl-Prefix.pch"; sourceTree = "<group>"; };
		3DB34F7F15D89E9500E1A015 /* MyUIControlAppDelegate.h */ = {isa = PBXFileReference; lastKnownFileType = sourcecode.c.h; path = MyUIControlAppDelegate.h; sourceTree = "<group>"; };
		3DB34F8015D89E9500E1A015 /* MyUIControlAppDelegate.m */ = {isa = PBXFileReference; lastKnownFileType = sourcecode.c.objc; path = MyUIControlAppDelegate.m; sourceTree = "<group>"; };
		3DB34F8D15D8A85800E1A015 /* MyViewController.h */ = {isa = PBXFileReference; fileEncoding = 4; lastKnownFileType = sourcecode.c.h; path = MyViewController.h; sourceTree = "<group>"; };
		3DB34F8E15D8A85800E1A015 /* MyViewController.m */ = {isa = PBXFileReference; fileEncoding = 4; lastKnownFileType = sourcecode.c.objc; path = MyViewController.m; sourceTree = "<group>"; };
		3DB34FD315D8B98700E1A015 /* apple_max.png */ = {isa = PBXFileReference; lastKnownFileType = image.png; path = apple_max.png; sourceTree = "<group>"; };
		3DB34FD415D8B98700E1A015 /* apple_min.png */ = {isa = PBXFileReference; lastKnownFileType = image.png; path = apple_min.png; sourceTree = "<group>"; };
		3DB34FD515D8B98700E1A015 /* apple_thumb.png */ = {isa = PBXFileReference; lastKnownFileType = image.png; path = apple_thumb.png; sourceTree = "<group>"; };
		3DB34FD615D8B98700E1A015 /* checkbox_off.png */ = {isa = PBXFileReference; lastKnownFileType = image.png; path = checkbox_off.png; sourceTree = "<group>"; };
		3DB34FD715D8B98700E1A015 /* checkbox_on.png */ = {isa = PBXFileReference; lastKnownFileType = image.png; path = checkbox_on.png; sourceTree = "<group>"; };
		3DB34FD815D8B98700E1A015 /* circular_button.png */ = {isa = PBXFileReference; lastKnownFileType = image.png; path = circular_button.png; sourceTree = "<group>"; };
		3DB34FD915D8B98700E1A015 /* left_slider.png */ = {isa = PBXFileReference; lastKnownFileType = image.png; path = left_slider.png; sourceTree = "<group>"; };
		3DB34FDA15D8B98700E1A015 /* right_slider.png */ = {isa = PBXFileReference; lastKnownFileType = image.png; path = right_slider.png; sourceTree = "<group>"; };
		3DB34FDB15D8B98700E1A015 /* sea.png */ = {isa = PBXFileReference; lastKnownFileType = image.png; path = sea.png; sourceTree = "<group>"; };
/* End PBXFileReference section */

/* Begin PBXFrameworksBuildPhase section */
		3DB34F6915D89E9500E1A015 /* Frameworks */ = {
			isa = PBXFrameworksBuildPhase;
			buildActionMask = 2147483647;
			files = (
				3DB34F7115D89E9500E1A015 /* UIKit.framework in Frameworks */,
				3DB34F7315D89E9500E1A015 /* Foundation.framework in Frameworks */,
				3DB34F7515D89E9500E1A015 /* CoreGraphics.framework in Frameworks */,
			);
			runOnlyForDeploymentPostprocessing = 0;
		};
/* End PBXFrameworksBuildPhase section */

/* Begin PBXGroup section */
		3DB34F6115D89E9500E1A015 = {
			isa = PBXGroup;
			children = (
				3DB34F7615D89E9500E1A015 /* UIControl */,
				3DB34F6F15D89E9500E1A015 /* Frameworks */,
				3DB34F6D15D89E9500E1A015 /* Products */,
			);
			sourceTree = "<group>";
		};
		3DB34F6D15D89E9500E1A015 /* Products */ = {
			isa = PBXGroup;
			children = (
				3DB34F6C15D89E9500E1A015 /* UIControl.app */,
			);
			name = Products;
			sourceTree = "<group>";
		};
		3DB34F6F15D89E9500E1A015 /* Frameworks */ = {
			isa = PBXGroup;
			children = (
				3DB34F7015D89E9500E1A015 /* UIKit.framework */,
				3DB34F7215D89E9500E1A015 /* Foundation.framework */,
				3DB34F7415D89E9500E1A015 /* CoreGraphics.framework */,
			);
			name = Frameworks;
			sourceTree = "<group>";
		};
		3DB34F7615D89E9500E1A015 /* UIControl */ = {
			isa = PBXGroup;
			children = (
				3DB34FD215D8B97400E1A015 /* image */,
				3DB34F7F15D89E9500E1A015 /* MyUIControlAppDelegate.h */,
				3DB34F8015D89E9500E1A015 /* MyUIControlAppDelegate.m */,
				3DB34F8D15D8A85800E1A015 /* MyViewController.h */,
				3DB34F8E15D8A85800E1A015 /* MyViewController.m */,
				3DB34F7715D89E9500E1A015 /* Supporting Files */,
			);
			path = UIControl;
			sourceTree = "<group>";
		};
		3DB34F7715D89E9500E1A015 /* Supporting Files */ = {
			isa = PBXGroup;
			children = (
				3DB34F7815D89E9500E1A015 /* UIControl-Info.plist */,
				3DB34F7915D89E9500E1A015 /* InfoPlist.strings */,
				3DB34F7C15D89E9500E1A015 /* main.m */,
				3DB34F7E15D89E9500E1A015 /* UIControl-Prefix.pch */,
			);
			name = "Supporting Files";
			sourceTree = "<group>";
		};
		3DB34FD215D8B97400E1A015 /* image */ = {
			isa = PBXGroup;
			children = (
				3DB34FD315D8B98700E1A015 /* apple_max.png */,
				3DB34FD415D8B98700E1A015 /* apple_min.png */,
				3DB34FD515D8B98700E1A015 /* apple_thumb.png */,
				3DB34FD615D8B98700E1A015 /* checkbox_off.png */,
				3DB34FD715D8B98700E1A015 /* checkbox_on.png */,
				3DB34FD815D8B98700E1A015 /* circular_button.png */,
				3DB34FD915D8B98700E1A015 /* left_slider.png */,
				3DB34FDA15D8B98700E1A015 /* right_slider.png */,
				3DB34FDB15D8B98700E1A015 /* sea.png */,
			);
			name = image;
			sourceTree = "<group>";
		};
/* End PBXGroup section */

/* Begin PBXNativeTarget section */
		3DB34F6B15D89E9500E1A015 /* UIControl */ = {
			isa = PBXNativeTarget;
			buildConfigurationList = 3DB34F8415D89E9500E1A015 /* Build configuration list for PBXNativeTarget "UIControl" */;
			buildPhases = (
				3DB34F6815D89E9500E1A015 /* Sources */,
				3DB34F6915D89E9500E1A015 /* Frameworks */,
				3DB34F6A15D89E9500E1A015 /* Resources */,
			);
			buildRules = (
			);
			dependencies = (
			);
			name = UIControl;
			productName = UIControl;
			productReference = 3DB34F6C15D89E9500E1A015 /* UIControl.app */;
			productType = "com.apple.product-type.application";
		};
/* End PBXNativeTarget section */

/* Begin PBXProject section */
		3DB34F6315D89E9500E1A015 /* Project object */ = {
			isa = PBXProject;
			attributes = {
				CLASSPREFIX = MyUIControl;
				LastUpgradeCheck = 0430;
			};
			buildConfigurationList = 3DB34F6615D89E9500E1A015 /* Build configuration list for PBXProject "UIControl" */;
			compatibilityVersion = "Xcode 3.2";
			developmentRegion = English;
			hasScannedForEncodings = 0;
			knownRegions = (
				en,
			);
			mainGroup = 3DB34F6115D89E9500E1A015;
			productRefGroup = 3DB34F6D15D89E9500E1A015 /* Products */;
			projectDirPath = "";
			projectRoot = "";
			targets = (
				3DB34F6B15D89E9500E1A015 /* UIControl */,
			);
		};
/* End PBXProject section */

/* Begin PBXResourcesBuildPhase section */
		3DB34F6A15D89E9500E1A015 /* Resources */ = {
			isa = PBXResourcesBuildPhase;
			buildActionMask = 2147483647;
			files = (
				3DB34F7B15D89E9500E1A015 /* InfoPlist.strings in Resources */,
				3DB34FDC15D8B98700E1A015 /* apple_max.png in Resources */,
				3DB34FDD15D8B98700E1A015 /* apple_min.png in Resources */,
				3DB34FDE15D8B98700E1A015 /* apple_thumb.png in Resources */,
				3DB34FDF15D8B98700E1A015 /* checkbox_off.png in Resources */,
				3DB34FE015D8B98700E1A015 /* checkbox_on.png in Resources */,
				3DB34FE115D8B98700E1A015 /* circular_button.png in Resources */,
				3DB34FE215D8B98700E1A015 /* left_slider.png in Resources */,
				3DB34FE315D8B98700E1A015 /* right_slider.png in Resources */,
				3DB34FE415D8B98700E1A015 /* sea.png in Resources */,
			);
			runOnlyForDeploymentPostprocessing = 0;
		};
/* End PBXResourcesBuildPhase section */

/* Begin PBXSourcesBuildPhase section */
		3DB34F6815D89E9500E1A015 /* Sources */ = {
			isa = PBXSourcesBuildPhase;
			buildActionMask = 2147483647;
			files = (
				3DB34F7D15D89E9500E1A015 /* main.m in Sources */,
				3DB34F8115D89E9500E1A015 /* MyUIControlAppDelegate.m in Sources */,
				3DB34F8F15D8A85800E1A015 /* MyViewController.m in Sources */,
			);
			runOnlyForDeploymentPostprocessing = 0;
		};
/* End PBXSourcesBuildPhase section */

/* Begin PBXVariantGroup section */
		3DB34F7915D89E9500E1A015 /* InfoPlist.strings */ = {
			isa = PBXVariantGroup;
			children = (
				3DB34F7A15D89E9500E1A015 /* en */,
			);
			name = InfoPlist.strings;
			sourceTree = "<group>";
		};
/* End PBXVariantGroup section */

/* Begin XCBuildConfiguration section */
		3DB34F8215D89E9500E1A015 /* Debug */ = {
			isa = XCBuildConfiguration;
			buildSettings = {
				ALWAYS_SEARCH_USER_PATHS = NO;
				ARCHS = "$(ARCHS_STANDARD_32_BIT)";
				"CODE_SIGN_IDENTITY[sdk=iphoneos*]" = "iPhone Developer";
				COPY_PHASE_STRIP = NO;
				GCC_C_LANGUAGE_STANDARD = gnu99;
				GCC_DYNAMIC_NO_PIC = NO;
				GCC_OPTIMIZATION_LEVEL = 0;
				GCC_PREPROCESSOR_DEFINITIONS = (
					"DEBUG=1",
					"$(inherited)",
				);
				GCC_SYMBOLS_PRIVATE_EXTERN = NO;
				GCC_VERSION = com.apple.compilers.llvm.clang.1_0;
				GCC_WARN_ABOUT_RETURN_TYPE = YES;
				GCC_WARN_UNINITIALIZED_AUTOS = YES;
				GCC_WARN_UNUSED_VARIABLE = YES;
				IPHONEOS_DEPLOYMENT_TARGET = 5.1;
				SDKROOT = iphoneos;
				TARGETED_DEVICE_FAMILY = "1,2";
			};
			name = Debug;
		};
		3DB34F8315D89E9500E1A015 /* Release */ = {
			isa = XCBuildConfiguration;
			buildSettings = {
				ALWAYS_SEARCH_USER_PATHS = NO;
				ARCHS = "$(ARCHS_STANDARD_32_BIT)";
				"CODE_SIGN_IDENTITY[sdk=iphoneos*]" = "iPhone Developer";
				COPY_PHASE_STRIP = YES;
				GCC_C_LANGUAGE_STANDARD = gnu99;
				GCC_VERSION = com.apple.compilers.llvm.clang.1_0;
				GCC_WARN_ABOUT_RETURN_TYPE = YES;
				GCC_WARN_UNINITIALIZED_AUTOS = YES;
				GCC_WARN_UNUSED_VARIABLE = YES;
				IPHONEOS_DEPLOYMENT_TARGET = 5.1;
				OTHER_CFLAGS = "-DNS_BLOCK_ASSERTIONS=1";
				SDKROOT = iphoneos;
				TARGETED_DEVICE_FAMILY = "1,2";
				VALIDATE_PRODUCT = YES;
			};
			name = Release;
		};
		3DB34F8515D89E9500E1A015 /* Debug */ = {
			isa = XCBuildConfiguration;
			buildSettings = {
				GCC_PRECOMPILE_PREFIX_HEADER = YES;
				GCC_PREFIX_HEADER = "UIControl/UIControl-Prefix.pch";
				INFOPLIST_FILE = "UIControl/UIControl-Info.plist";
				PRODUCT_NAME = "$(TARGET_NAME)";
				WRAPPER_EXTENSION = app;
			};
			name = Debug;
		};
		3DB34F8615D89E9500E1A015 /* Release */ = {
			isa = XCBuildConfiguration;
			buildSettings = {
				GCC_PRECOMPILE_PREFIX_HEADER = YES;
				GCC_PREFIX_HEADER = "UIControl/UIControl-Prefix.pch";
				INFOPLIST_FILE = "UIControl/UIControl-Info.plist";
				PRODUCT_NAME = "$(TARGET_NAME)";
				WRAPPER_EXTENSION = app;
			};
			name = Release;
		};
/* End XCBuildConfiguration section */

/* Begin XCConfigurationList section */
		3DB34F6615D89E9500E1A015 /* Build configuration list for PBXProject "UIControl" */ = {
			isa = XCConfigurationList;
			buildConfigurations = (
				3DB34F8215D89E9500E1A015 /* Debug */,
				3DB34F8315D89E9500E1A015 /* Release */,
			);
			defaultConfigurationIsVisible = 0;
			defaultConfigurationName = Release;
		};
		3DB34F8415D89E9500E1A015 /* Build configuration list for PBXNativeTarget "UIControl" */ = {
			isa = XCConfigurationList;
			buildConfigurations = (
				3DB34F8515D89E9500E1A015 /* Debug */,
				3DB34F8615D89E9500E1A015 /* Release */,
			);
			defaultConfigurationIsVisible = 0;
		};
/* End XCConfigurationList section */
	};
	rootObject = 3DB34F6315D89E9500E1A015 /* Project object */;
}
