// !$*UTF8*$!
{
	archiveVersion = 1;
	classes = {
	};
	objectVersion = 45;
	objects = {

/* Begin PBXBuildFile section */
		1619E43013618E7D0048AC8E /* button_down.png in Resources */ = {isa = PBXBuildFile; fileRef = 1619E42F13618E7D0048AC8E /* button_down.png */; };
		1619E43213618E8F0048AC8E /* button_up.png in Resources */ = {isa = PBXBuildFile; fileRef = 1619E43113618E8F0048AC8E /* button_up.png */; };
		1665D7E112B4A0150069A977 /* disclosureButtonControllerIcon.png in Resources */ = {isa = PBXBuildFile; fileRef = 1665D7D912B4A0150069A977 /* disclosureButtonControllerIcon.png */; };
		1665D7E212B4A0150069A977 /* checkmarkControllerIcon.png in Resources */ = {isa = PBXBuildFile; fileRef = 1665D7DA12B4A0150069A977 /* checkmarkControllerIcon.png */; };
		1665D7E512B4A0150069A977 /* rowControlsIcon.png in Resources */ = {isa = PBXBuildFile; fileRef = 1665D7DD12B4A0150069A977 /* rowControlsIcon.png */; };
		1665D7EB12B4A0660069A977 /* DisclosureButtonController.m in Sources */ = {isa = PBXBuildFile; fileRef = 1665D7EA12B4A0660069A977 /* DisclosureButtonController.m */; };
		1665D80D12B4B81A0069A977 /* DisclosureDetail.xib in Resources */ = {isa = PBXBuildFile; fileRef = 1665D80C12B4B81A0069A977 /* DisclosureDetail.xib */; };
		1665D81812B4BE460069A977 /* DisclosureDetailController.m in Sources */ = {isa = PBXBuildFile; fileRef = 1665D81712B4BE460069A977 /* DisclosureDetailController.m */; };
		1687E20812B5C40A0094E8BA /* CheckLishController.m in Sources */ = {isa = PBXBuildFile; fileRef = 1687E20712B5C40A0094E8BA /* CheckLishController.m */; };
		1687E23012B5CED10094E8BA /* RowControlsController.m in Sources */ = {isa = PBXBuildFile; fileRef = 1687E22F12B5CED10094E8BA /* RowControlsController.m */; };
		1D3623260D0F684500981E51 /* NavAppDelegate.m in Sources */ = {isa = PBXBuildFile; fileRef = 1D3623250D0F684500981E51 /* NavAppDelegate.m */; };
		1D60589B0D05DD56006BFB54 /* main.m in Sources */ = {isa = PBXBuildFile; fileRef = 29B97316FDCFA39411CA2CEA /* main.m */; };
		1D60589F0D05DD5A006BFB54 /* Foundation.framework in Frameworks */ = {isa = PBXBuildFile; fileRef = 1D30AB110D05D00D00671497 /* Foundation.framework */; };
		1DF5F4E00D08C38300B7A737 /* UIKit.framework in Frameworks */ = {isa = PBXBuildFile; fileRef = 1DF5F4DF0D08C38300B7A737 /* UIKit.framework */; };
		288765FD0DF74451002DB57D /* CoreGraphics.framework in Frameworks */ = {isa = PBXBuildFile; fileRef = 288765FC0DF74451002DB57D /* CoreGraphics.framework */; };
		28AD733F0D9D9553002E5188 /* MainWindow.xib in Resources */ = {isa = PBXBuildFile; fileRef = 28AD733E0D9D9553002E5188 /* MainWindow.xib */; };
		C4511EF312B1C4B100CE9EDC /* FirstLevelViewControler.m in Sources */ = {isa = PBXBuildFile; fileRef = C4511EF212B1C4B100CE9EDC /* FirstLevelViewControler.m */; };
		C4511EFC12B1C77C00CE9EDC /* SecondLevelViewController.m in Sources */ = {isa = PBXBuildFile; fileRef = C4511EFB12B1C77C00CE9EDC /* SecondLevelViewController.m */; };
/* End PBXBuildFile section */

/* Begin PBXFileReference section */
		1619E42F13618E7D0048AC8E /* button_down.png */ = {isa = PBXFileReference; lastKnownFileType = image.png; path = button_down.png; sourceTree = "<group>"; };
		1619E43113618E8F0048AC8E /* button_up.png */ = {isa = PBXFileReference; lastKnownFileType = image.png; path = button_up.png; sourceTree = "<group>"; };
		1665D7D912B4A0150069A977 /* disclosureButtonControllerIcon.png */ = {isa = PBXFileReference; lastKnownFileType = image.png; path = disclosureButtonControllerIcon.png; sourceTree = "<group>"; };
		1665D7DA12B4A0150069A977 /* checkmarkControllerIcon.png */ = {isa = PBXFileReference; lastKnownFileType = image.png; path = checkmarkControllerIcon.png; sourceTree = "<group>"; };
		1665D7DD12B4A0150069A977 /* rowControlsIcon.png */ = {isa = PBXFileReference; lastKnownFileType = image.png; path = rowControlsIcon.png; sourceTree = "<group>"; };
		1665D7E912B4A0660069A977 /* DisclosureButtonController.h */ = {isa = PBXFileReference; fileEncoding = 4; lastKnownFileType = sourcecode.c.h; path = DisclosureButtonController.h; sourceTree = "<group>"; };
		1665D7EA12B4A0660069A977 /* DisclosureButtonController.m */ = {isa = PBXFileReference; fileEncoding = 4; lastKnownFileType = sourcecode.c.objc; path = DisclosureButtonController.m; sourceTree = "<group>"; };
		1665D80C12B4B81A0069A977 /* DisclosureDetail.xib */ = {isa = PBXFileReference; lastKnownFileType = file.xib; path = DisclosureDetail.xib; sourceTree = "<group>"; };
		1665D81612B4BE460069A977 /* DisclosureDetailController.h */ = {isa = PBXFileReference; fileEncoding = 4; lastKnownFileType = sourcecode.c.h; path = DisclosureDetailController.h; sourceTree = "<group>"; };
		1665D81712B4BE460069A977 /* DisclosureDetailController.m */ = {isa = PBXFileReference; fileEncoding = 4; lastKnownFileType = sourcecode.c.objc; path = DisclosureDetailController.m; sourceTree = "<group>"; };
		1687E20612B5C40A0094E8BA /* CheckLishController.h */ = {isa = PBXFileReference; fileEncoding = 4; lastKnownFileType = sourcecode.c.h; path = CheckLishController.h; sourceTree = "<group>"; };
		1687E20712B5C40A0094E8BA /* CheckLishController.m */ = {isa = PBXFileReference; fileEncoding = 4; lastKnownFileType = sourcecode.c.objc; path = CheckLishController.m; sourceTree = "<group>"; };
		1687E22E12B5CED10094E8BA /* RowControlsController.h */ = {isa = PBXFileReference; fileEncoding = 4; lastKnownFileType = sourcecode.c.h; path = RowControlsController.h; sourceTree = "<group>"; };
		1687E22F12B5CED10094E8BA /* RowControlsController.m */ = {isa = PBXFileReference; fileEncoding = 4; lastKnownFileType = sourcecode.c.objc; path = RowControlsController.m; sourceTree = "<group>"; };
		1D30AB110D05D00D00671497 /* Foundation.framework */ = {isa = PBXFileReference; lastKnownFileType = wrapper.framework; name = Foundation.framework; path = System/Library/Frameworks/Foundation.framework; sourceTree = SDKROOT; };
		1D3623240D0F684500981E51 /* NavAppDelegate.h */ = {isa = PBXFileReference; fileEncoding = 4; lastKnownFileType = sourcecode.c.h; path = NavAppDelegate.h; sourceTree = "<group>"; };
		1D3623250D0F684500981E51 /* NavAppDelegate.m */ = {isa = PBXFileReference; fileEncoding = 4; lastKnownFileType = sourcecode.c.objc; path = NavAppDelegate.m; sourceTree = "<group>"; };
		1D6058910D05DD3D006BFB54 /* Nav.app */ = {isa = PBXFileReference; explicitFileType = wrapper.application; includeInIndex = 0; path = Nav.app; sourceTree = BUILT_PRODUCTS_DIR; };
		1DF5F4DF0D08C38300B7A737 /* UIKit.framework */ = {isa = PBXFileReference; lastKnownFileType = wrapper.framework; name = UIKit.framework; path = System/Library/Frameworks/UIKit.framework; sourceTree = SDKROOT; };
		288765FC0DF74451002DB57D /* CoreGraphics.framework */ = {isa = PBXFileReference; lastKnownFileType = wrapper.framework; name = CoreGraphics.framework; path = System/Library/Frameworks/CoreGraphics.framework; sourceTree = SDKROOT; };
		28AD733E0D9D9553002E5188 /* MainWindow.xib */ = {isa = PBXFileReference; lastKnownFileType = file.xib; path = MainWindow.xib; sourceTree = "<group>"; };
		29B97316FDCFA39411CA2CEA /* main.m */ = {isa = PBXFileReference; fileEncoding = 4; lastKnownFileType = sourcecode.c.objc; path = main.m; sourceTree = "<group>"; };
		32CA4F630368D1EE00C91783 /* Nav_Prefix.pch */ = {isa = PBXFileReference; fileEncoding = 4; lastKnownFileType = sourcecode.c.h; path = Nav_Prefix.pch; sourceTree = "<group>"; };
		8D1107310486CEB800E47090 /* Nav-Info.plist */ = {isa = PBXFileReference; fileEncoding = 4; lastKnownFileType = text.plist.xml; path = "Nav-Info.plist"; plistStructureDefinitionIdentifier = "com.apple.xcode.plist.structure-definition.iphone.info-plist"; sourceTree = "<group>"; };
		C4511EF112B1C4B100CE9EDC /* FirstLevelViewControler.h */ = {isa = PBXFileReference; fileEncoding = 4; lastKnownFileType = sourcecode.c.h; path = FirstLevelViewControler.h; sourceTree = "<group>"; };
		C4511EF212B1C4B100CE9EDC /* FirstLevelViewControler.m */ = {isa = PBXFileReference; fileEncoding = 4; lastKnownFileType = sourcecode.c.objc; path = FirstLevelViewControler.m; sourceTree = "<group>"; };
		C4511EFA12B1C77C00CE9EDC /* SecondLevelViewController.h */ = {isa = PBXFileReference; fileEncoding = 4; lastKnownFileType = sourcecode.c.h; path = SecondLevelViewController.h; sourceTree = "<group>"; };
		C4511EFB12B1C77C00CE9EDC /* SecondLevelViewController.m */ = {isa = PBXFileReference; fileEncoding = 4; lastKnownFileType = sourcecode.c.objc; path = SecondLevelViewController.m; sourceTree = "<group>"; };
/* End PBXFileReference section */

/* Begin PBXFrameworksBuildPhase section */
		1D60588F0D05DD3D006BFB54 /* Frameworks */ = {
			isa = PBXFrameworksBuildPhase;
			buildActionMask = 2147483647;
			files = (
				1D60589F0D05DD5A006BFB54 /* Foundation.framework in Frameworks */,
				1DF5F4E00D08C38300B7A737 /* UIKit.framework in Frameworks */,
				288765FD0DF74451002DB57D /* CoreGraphics.framework in Frameworks */,
			);
			runOnlyForDeploymentPostprocessing = 0;
		};
/* End PBXFrameworksBuildPhase section */

/* Begin PBXGroup section */
		080E96DDFE201D6D7F000001 /* Classes */ = {
			isa = PBXGroup;
			children = (
				1D3623240D0F684500981E51 /* NavAppDelegate.h */,
				1D3623250D0F684500981E51 /* NavAppDelegate.m */,
				C4511EF112B1C4B100CE9EDC /* FirstLevelViewControler.h */,
				C4511EF212B1C4B100CE9EDC /* FirstLevelViewControler.m */,
				C4511EFA12B1C77C00CE9EDC /* SecondLevelViewController.h */,
				C4511EFB12B1C77C00CE9EDC /* SecondLevelViewController.m */,
				1665D7E912B4A0660069A977 /* DisclosureButtonController.h */,
				1665D7EA12B4A0660069A977 /* DisclosureButtonController.m */,
				1665D81612B4BE460069A977 /* DisclosureDetailController.h */,
				1665D81712B4BE460069A977 /* DisclosureDetailController.m */,
				1687E20612B5C40A0094E8BA /* CheckLishController.h */,
				1687E20712B5C40A0094E8BA /* CheckLishController.m */,
				1687E22E12B5CED10094E8BA /* RowControlsController.h */,
				1687E22F12B5CED10094E8BA /* RowControlsController.m */,
			);
			path = Classes;
			sourceTree = "<group>";
		};
		19C28FACFE9D520D11CA2CBB /* Products */ = {
			isa = PBXGroup;
			children = (
				1D6058910D05DD3D006BFB54 /* Nav.app */,
			);
			name = Products;
			sourceTree = "<group>";
		};
		29B97314FDCFA39411CA2CEA /* CustomTemplate */ = {
			isa = PBXGroup;
			children = (
				080E96DDFE201D6D7F000001 /* Classes */,
				29B97315FDCFA39411CA2CEA /* Other Sources */,
				29B97317FDCFA39411CA2CEA /* Resources */,
				29B97323FDCFA39411CA2CEA /* Frameworks */,
				19C28FACFE9D520D11CA2CBB /* Products */,
			);
			name = CustomTemplate;
			sourceTree = "<group>";
		};
		29B97315FDCFA39411CA2CEA /* Other Sources */ = {
			isa = PBXGroup;
			children = (
				32CA4F630368D1EE00C91783 /* Nav_Prefix.pch */,
				29B97316FDCFA39411CA2CEA /* main.m */,
			);
			name = "Other Sources";
			sourceTree = "<group>";
		};
		29B97317FDCFA39411CA2CEA /* Resources */ = {
			isa = PBXGroup;
			children = (
				1619E42F13618E7D0048AC8E /* button_down.png */,
				1619E43113618E8F0048AC8E /* button_up.png */,
				1665D7D912B4A0150069A977 /* disclosureButtonControllerIcon.png */,
				1665D7DA12B4A0150069A977 /* checkmarkControllerIcon.png */,
				1665D7DD12B4A0150069A977 /* rowControlsIcon.png */,
				28AD733E0D9D9553002E5188 /* MainWindow.xib */,
				8D1107310486CEB800E47090 /* Nav-Info.plist */,
				1665D80C12B4B81A0069A977 /* DisclosureDetail.xib */,
			);
			name = Resources;
			sourceTree = "<group>";
		};
		29B97323FDCFA39411CA2CEA /* Frameworks */ = {
			isa = PBXGroup;
			children = (
				1DF5F4DF0D08C38300B7A737 /* UIKit.framework */,
				1D30AB110D05D00D00671497 /* Foundation.framework */,
				288765FC0DF74451002DB57D /* CoreGraphics.framework */,
			);
			name = Frameworks;
			sourceTree = "<group>";
		};
/* End PBXGroup section */

/* Begin PBXNativeTarget section */
		1D6058900D05DD3D006BFB54 /* Nav */ = {
			isa = PBXNativeTarget;
			buildConfigurationList = 1D6058960D05DD3E006BFB54 /* Build configuration list for PBXNativeTarget "Nav" */;
			buildPhases = (
				1D60588D0D05DD3D006BFB54 /* Resources */,
				1D60588E0D05DD3D006BFB54 /* Sources */,
				1D60588F0D05DD3D006BFB54 /* Frameworks */,
			);
			buildRules = (
			);
			dependencies = (
			);
			name = Nav;
			productName = Nav;
			productReference = 1D6058910D05DD3D006BFB54 /* Nav.app */;
			productType = "com.apple.product-type.application";
		};
/* End PBXNativeTarget section */

/* Begin PBXProject section */
		29B97313FDCFA39411CA2CEA /* Project object */ = {
			isa = PBXProject;
			buildConfigurationList = C01FCF4E08A954540054247B /* Build configuration list for PBXProject "Nav" */;
			compatibilityVersion = "Xcode 3.1";
			developmentRegion = English;
			hasScannedForEncodings = 1;
			knownRegions = (
				English,
				Japanese,
				French,
				German,
			);
			mainGroup = 29B97314FDCFA39411CA2CEA /* CustomTemplate */;
			projectDirPath = "";
			projectRoot = "";
			targets = (
				1D6058900D05DD3D006BFB54 /* Nav */,
			);
		};
/* End PBXProject section */

/* Begin PBXResourcesBuildPhase section */
		1D60588D0D05DD3D006BFB54 /* Resources */ = {
			isa = PBXResourcesBuildPhase;
			buildActionMask = 2147483647;
			files = (
				28AD733F0D9D9553002E5188 /* MainWindow.xib in Resources */,
				1665D7E112B4A0150069A977 /* disclosureButtonControllerIcon.png in Resources */,
				1665D7E212B4A0150069A977 /* checkmarkControllerIcon.png in Resources */,
				1665D7E512B4A0150069A977 /* rowControlsIcon.png in Resources */,
				1665D80D12B4B81A0069A977 /* DisclosureDetail.xib in Resources */,
				1619E43013618E7D0048AC8E /* button_down.png in Resources */,
				1619E43213618E8F0048AC8E /* button_up.png in Resources */,
			);
			runOnlyForDeploymentPostprocessing = 0;
		};
/* End PBXResourcesBuildPhase section */

/* Begin PBXSourcesBuildPhase section */
		1D60588E0D05DD3D006BFB54 /* Sources */ = {
			isa = PBXSourcesBuildPhase;
			buildActionMask = 2147483647;
			files = (
				1D60589B0D05DD56006BFB54 /* main.m in Sources */,
				1D3623260D0F684500981E51 /* NavAppDelegate.m in Sources */,
				C4511EF312B1C4B100CE9EDC /* FirstLevelViewControler.m in Sources */,
				C4511EFC12B1C77C00CE9EDC /* SecondLevelViewController.m in Sources */,
				1665D7EB12B4A0660069A977 /* DisclosureButtonController.m in Sources */,
				1665D81812B4BE460069A977 /* DisclosureDetailController.m in Sources */,
				1687E20812B5C40A0094E8BA /* CheckLishController.m in Sources */,
				1687E23012B5CED10094E8BA /* RowControlsController.m in Sources */,
			);
			runOnlyForDeploymentPostprocessing = 0;
		};
/* End PBXSourcesBuildPhase section */

/* Begin XCBuildConfiguration section */
		1D6058940D05DD3E006BFB54 /* Debug */ = {
			isa = XCBuildConfiguration;
			buildSettings = {
				ALWAYS_SEARCH_USER_PATHS = NO;
				COPY_PHASE_STRIP = NO;
				GCC_DYNAMIC_NO_PIC = NO;
				GCC_OPTIMIZATION_LEVEL = 0;
				GCC_PRECOMPILE_PREFIX_HEADER = YES;
				GCC_PREFIX_HEADER = Nav_Prefix.pch;
				INFOPLIST_FILE = "Nav-Info.plist";
				PRODUCT_NAME = Nav;
			};
			name = Debug;
		};
		1D6058950D05DD3E006BFB54 /* Release */ = {
			isa = XCBuildConfiguration;
			buildSettings = {
				ALWAYS_SEARCH_USER_PATHS = NO;
				COPY_PHASE_STRIP = YES;
				GCC_PRECOMPILE_PREFIX_HEADER = YES;
				GCC_PREFIX_HEADER = Nav_Prefix.pch;
				INFOPLIST_FILE = "Nav-Info.plist";
				PRODUCT_NAME = Nav;
				VALIDATE_PRODUCT = YES;
			};
			name = Release;
		};
		C01FCF4F08A954540054247B /* Debug */ = {
			isa = XCBuildConfiguration;
			buildSettings = {
				ARCHS = "$(ARCHS_STANDARD_32_BIT)";
				"CODE_SIGN_IDENTITY[sdk=iphoneos*]" = "iPhone Developer";
				GCC_C_LANGUAGE_STANDARD = c99;
				GCC_WARN_ABOUT_RETURN_TYPE = YES;
				GCC_WARN_UNUSED_VARIABLE = YES;
				PREBINDING = NO;
				SDKROOT = iphoneos;
			};
			name = Debug;
		};
		C01FCF5008A954540054247B /* Release */ = {
			isa = XCBuildConfiguration;
			buildSettings = {
				ARCHS = "$(ARCHS_STANDARD_32_BIT)";
				"CODE_SIGN_IDENTITY[sdk=iphoneos*]" = "iPhone Developer";
				GCC_C_LANGUAGE_STANDARD = c99;
				GCC_WARN_ABOUT_RETURN_TYPE = YES;
				GCC_WARN_UNUSED_VARIABLE = YES;
				OTHER_CFLAGS = "-DNS_BLOCK_ASSERTIONS=1";
				PREBINDING = NO;
				SDKROOT = iphoneos4.1;
			};
			name = Release;
		};
/* End XCBuildConfiguration section */

/* Begin XCConfigurationList section */
		1D6058960D05DD3E006BFB54 /* Build configuration list for PBXNativeTarget "Nav" */ = {
			isa = XCConfigurationList;
			buildConfigurations = (
				1D6058940D05DD3E006BFB54 /* Debug */,
				1D6058950D05DD3E006BFB54 /* Release */,
			);
			defaultConfigurationIsVisible = 0;
			defaultConfigurationName = Release;
		};
		C01FCF4E08A954540054247B /* Build configuration list for PBXProject "Nav" */ = {
			isa = XCConfigurationList;
			buildConfigurations = (
				C01FCF4F08A954540054247B /* Debug */,
				C01FCF5008A954540054247B /* Release */,
			);
			defaultConfigurationIsVisible = 0;
			defaultConfigurationName = Release;
		};
/* End XCConfigurationList section */
	};
	rootObject = 29B97313FDCFA39411CA2CEA /* Project object */;
}
